
Microsoft Visual Studio Solution File, Format Version 12.00
# Visual Studio Version 17
VisualStudioVersion = 17.4.33205.214
MinimumVisualStudioVersion = 10.0.40219.1
Project("{FAE04EC0-301F-11D3-BF4B-00C04F79EFBC}") = "TaskAPI", "TaskAPI\TaskAPI.csproj", "{D3316B9E-5A0D-4442-914B-9923D952FC12}"
EndProject
Global
	GlobalSection(SolutionConfigurationPlatforms) = preSolution
		Debug|Any CPU = Debug|Any CPU
		Release|Any CPU = Release|Any CPU
	EndGlobalSection
	GlobalSection(ProjectConfigurationPlatforms) = postSolution
		{D3316B9E-5A0D-4442-914B-9923D952FC12}.Debug|Any CPU.ActiveCfg = Debug|Any CPU
		{D3316B9E-5A0D-4442-914B-9923D952FC12}.Debug|Any CPU.Build.0 = Debug|Any CPU
		{D3316B9E-5A0D-4442-914B-9923D952FC12}.Release|Any CPU.ActiveCfg = Release|Any CPU
		{D3316B9E-5A0D-4442-914B-9923D952FC12}.Release|Any CPU.Build.0 = Release|Any CPU
	EndGlobalSection
	GlobalSection(SolutionProperties) = preSolution
		HideSolutionNode = FALSE
	EndGlobalSection
	GlobalSection(ExtensibilityGlobals) = postSolution
		SolutionGuid = {809E901C-69D4-4EFB-85BD-2E5596C37697}
	EndGlobalSection
EndGlobal
